
Microsoft Visual Studio Solution File, Format Version 12.00
# Visual Studio Version 17
VisualStudioVersion = 17.5.002.0
MinimumVisualStudioVersion = 10.0.40219.1
Project("{9A19103F-16F7-4668-BE54-9A1E7A4F7556}") = "ClasseAluno", "ClasseAluno\ClasseAluno.csproj", "{5066E4E8-45F2-48E2-A54E-51C87F8A96C4}"
EndProject
Project("{9A19103F-16F7-4668-BE54-9A1E7A4F7556}") = "ClasseConta", "ClasseConta\ClasseConta.csproj", "{BF97FBE0-C6BB-4B63-A248-0FDBEED7DABD}"
EndProject
Project("{9A19103F-16F7-4668-BE54-9A1E7A4F7556}") = "Revisão", "Revisão\Revisão.csproj", "{36E920F1-D104-404F-9649-F5EE2514466F}"
EndProject
Global
	GlobalSection(SolutionConfigurationPlatforms) = preSolution
		Debug|Any CPU = Debug|Any CPU
		Release|Any CPU = Release|Any CPU
	EndGlobalSection
	GlobalSection(ProjectConfigurationPlatforms) = postSolution
		{5066E4E8-45F2-48E2-A54E-51C87F8A96C4}.Debug|Any CPU.ActiveCfg = Debug|Any CPU
		{5066E4E8-45F2-48E2-A54E-51C87F8A96C4}.Debug|Any CPU.Build.0 = Debug|Any CPU
		{5066E4E8-45F2-48E2-A54E-51C87F8A96C4}.Release|Any CPU.ActiveCfg = Release|Any CPU
		{5066E4E8-45F2-48E2-A54E-51C87F8A96C4}.Release|Any CPU.Build.0 = Release|Any CPU
		{BF97FBE0-C6BB-4B63-A248-0FDBEED7DABD}.Debug|Any CPU.ActiveCfg = Debug|Any CPU
		{BF97FBE0-C6BB-4B63-A248-0FDBEED7DABD}.Debug|Any CPU.Build.0 = Debug|Any CPU
		{BF97FBE0-C6BB-4B63-A248-0FDBEED7DABD}.Release|Any CPU.ActiveCfg = Release|Any CPU
		{BF97FBE0-C6BB-4B63-A248-0FDBEED7DABD}.Release|Any CPU.Build.0 = Release|Any CPU
		{36E920F1-D104-404F-9649-F5EE2514466F}.Debug|Any CPU.ActiveCfg = Debug|Any CPU
		{36E920F1-D104-404F-9649-F5EE2514466F}.Debug|Any CPU.Build.0 = Debug|Any CPU
		{36E920F1-D104-404F-9649-F5EE2514466F}.Release|Any CPU.ActiveCfg = Release|Any CPU
		{36E920F1-D104-404F-9649-F5EE2514466F}.Release|Any CPU.Build.0 = Release|Any CPU
	EndGlobalSection
	GlobalSection(SolutionProperties) = preSolution
		HideSolutionNode = FALSE
	EndGlobalSection
	GlobalSection(ExtensibilityGlobals) = postSolution
		SolutionGuid = {57501248-3098-4E3D-B2B7-EF50DF4DEC91}
	EndGlobalSection
EndGlobal
